
Microsoft Visual Studio Solution File, Format Version 12.00
# Visual Studio Version 16
VisualStudioVersion = 16.0.31829.152
MinimumVisualStudioVersion = 10.0.40219.1
Project("{9A19103F-16F7-4668-BE54-9A1E7A4F7556}") = "ead1Ca3", "ead1Ca3\ead1Ca3.csproj", "{A1D2A8BC-FD0A-4523-A6D0-7660B1D1965D}"
EndProject
Project("{FAE04EC0-301F-11D3-BF4B-00C04F79EFBC}") = "Ead1Ca3XTest", "Ead1Ca3XTest\Ead1Ca3XTest.csproj", "{0B66F4B0-BFF0-4056-8E8C-BEA33CD62338}"
EndProject
Global
	GlobalSection(SolutionConfigurationPlatforms) = preSolution
		Debug|Any CPU = Debug|Any CPU
		Release|Any CPU = Release|Any CPU
	EndGlobalSection
	GlobalSection(ProjectConfigurationPlatforms) = postSolution
		{A1D2A8BC-FD0A-4523-A6D0-7660B1D1965D}.Debug|Any CPU.ActiveCfg = Debug|Any CPU
		{A1D2A8BC-FD0A-4523-A6D0-7660B1D1965D}.Debug|Any CPU.Build.0 = Debug|Any CPU
		{A1D2A8BC-FD0A-4523-A6D0-7660B1D1965D}.Release|Any CPU.ActiveCfg = Release|Any CPU
		{A1D2A8BC-FD0A-4523-A6D0-7660B1D1965D}.Release|Any CPU.Build.0 = Release|Any CPU
		{0B66F4B0-BFF0-4056-8E8C-BEA33CD62338}.Debug|Any CPU.ActiveCfg = Debug|Any CPU
		{0B66F4B0-BFF0-4056-8E8C-BEA33CD62338}.Debug|Any CPU.Build.0 = Debug|Any CPU
		{0B66F4B0-BFF0-4056-8E8C-BEA33CD62338}.Release|Any CPU.ActiveCfg = Release|Any CPU
		{0B66F4B0-BFF0-4056-8E8C-BEA33CD62338}.Release|Any CPU.Build.0 = Release|Any CPU
	EndGlobalSection
	GlobalSection(SolutionProperties) = preSolution
		HideSolutionNode = FALSE
	EndGlobalSection
	GlobalSection(ExtensibilityGlobals) = postSolution
		SolutionGuid = {39E74A0B-E411-464B-A4B8-6E55B4C942DC}
	EndGlobalSection
EndGlobal
